
Microsoft Visual Studio Solution File, Format Version 12.00
# Visual Studio Version 16
VisualStudioVersion = 16.0.29021.104
MinimumVisualStudioVersion = 10.0.40219.1
Project("{FAE04EC0-301F-11D3-BF4B-00C04F79EFBC}") = "BlazorAuthentication.Client", "BlazorAuthentication.Client\BlazorAuthentication.Client.csproj", "{66F603F4-9C32-49BC-96F0-9085ADFF49A5}"
EndProject
Project("{FAE04EC0-301F-11D3-BF4B-00C04F79EFBC}") = "BlazorAuthentication.Server", "BlazorAuthentication.Server\BlazorAuthentication.Server.csproj", "{06A5F98B-7133-477D-A52A-F5CB6766EC8C}"
EndProject
Project("{FAE04EC0-301F-11D3-BF4B-00C04F79EFBC}") = "BlazorAuthentication.Data", "BlazorAuthentication.Data\BlazorAuthentication.Data.csproj", "{303BE6B3-E5E3-4F1F-83AF-1352B8E23BBC}"
EndProject
Global
	GlobalSection(SolutionConfigurationPlatforms) = preSolution
		Debug|Any CPU = Debug|Any CPU
		Release|Any CPU = Release|Any CPU
	EndGlobalSection
	GlobalSection(ProjectConfigurationPlatforms) = postSolution
		{66F603F4-9C32-49BC-96F0-9085ADFF49A5}.Debug|Any CPU.ActiveCfg = Debug|Any CPU
		{66F603F4-9C32-49BC-96F0-9085ADFF49A5}.Debug|Any CPU.Build.0 = Debug|Any CPU
		{66F603F4-9C32-49BC-96F0-9085ADFF49A5}.Release|Any CPU.ActiveCfg = Release|Any CPU
		{66F603F4-9C32-49BC-96F0-9085ADFF49A5}.Release|Any CPU.Build.0 = Release|Any CPU
		{06A5F98B-7133-477D-A52A-F5CB6766EC8C}.Debug|Any CPU.ActiveCfg = Debug|Any CPU
		{06A5F98B-7133-477D-A52A-F5CB6766EC8C}.Debug|Any CPU.Build.0 = Debug|Any CPU
		{06A5F98B-7133-477D-A52A-F5CB6766EC8C}.Release|Any CPU.ActiveCfg = Release|Any CPU
		{06A5F98B-7133-477D-A52A-F5CB6766EC8C}.Release|Any CPU.Build.0 = Release|Any CPU
		{303BE6B3-E5E3-4F1F-83AF-1352B8E23BBC}.Debug|Any CPU.ActiveCfg = Debug|Any CPU
		{303BE6B3-E5E3-4F1F-83AF-1352B8E23BBC}.Debug|Any CPU.Build.0 = Debug|Any CPU
		{303BE6B3-E5E3-4F1F-83AF-1352B8E23BBC}.Release|Any CPU.ActiveCfg = Release|Any CPU
		{303BE6B3-E5E3-4F1F-83AF-1352B8E23BBC}.Release|Any CPU.Build.0 = Release|Any CPU
	EndGlobalSection
	GlobalSection(SolutionProperties) = preSolution
		HideSolutionNode = FALSE
	EndGlobalSection
	GlobalSection(ExtensibilityGlobals) = postSolution
		SolutionGuid = {667505CC-3FEB-408D-AD8C-1C9550D5E796}
	EndGlobalSection
EndGlobal
